// !$*UTF8*$!
{
	archiveVersion = 1;
	classes = {
	};
	objectVersion = 52;
	objects = {

/* Begin PBXBuildFile section */
		ED29F2D523368BB50029DA6A /* AppDelegate.swift in Sources */ = {isa = PBXBuildFile; fileRef = ED29F2D423368BB50029DA6A /* AppDelegate.swift */; };
		ED29F2D723368BB50029DA6A /* SceneDelegate.swift in Sources */ = {isa = PBXBuildFile; fileRef = ED29F2D623368BB50029DA6A /* SceneDelegate.swift */; };
		ED29F2D923368BB50029DA6A /* GameView.swift in Sources */ = {isa = PBXBuildFile; fileRef = ED29F2D823368BB50029DA6A /* GameView.swift */; };
		ED29F2DB23368BB60029DA6A /* Assets.xcassets in Resources */ = {isa = PBXBuildFile; fileRef = ED29F2DA23368BB60029DA6A /* Assets.xcassets */; };
		ED29F2DE23368BB60029DA6A /* Preview Assets.xcassets in Resources */ = {isa = PBXBuildFile; fileRef = ED29F2DD23368BB60029DA6A /* Preview Assets.xcassets */; };
		ED29F2E123368BB60029DA6A /* LaunchScreen.storyboard in Resources */ = {isa = PBXBuildFile; fileRef = ED29F2DF23368BB60029DA6A /* LaunchScreen.storyboard */; };
		ED29F2EA23368C840029DA6A /* Ricemill in Frameworks */ = {isa = PBXBuildFile; productRef = ED29F2E923368C840029DA6A /* Ricemill */; };
		ED29F2EC233743980029DA6A /* TicTacToeModel.swift in Sources */ = {isa = PBXBuildFile; fileRef = ED29F2EB233743980029DA6A /* TicTacToeModel.swift */; };
		ED29F2F42337671F0029DA6A /* TicTacToeModelTests.swift in Sources */ = {isa = PBXBuildFile; fileRef = ED29F2F32337671F0029DA6A /* TicTacToeModelTests.swift */; };
/* End PBXBuildFile section */

/* Begin PBXContainerItemProxy section */
		ED29F2F62337671F0029DA6A /* PBXContainerItemProxy */ = {
			isa = PBXContainerItemProxy;
			containerPortal = ED29F2C923368BB50029DA6A /* Project object */;
			proxyType = 1;
			remoteGlobalIDString = ED29F2D023368BB50029DA6A;
			remoteInfo = TicTacToe;
		};
/* End PBXContainerItemProxy section */

/* Begin PBXFileReference section */
		ED29F2D123368BB50029DA6A /* TicTacToe.app */ = {isa = PBXFileReference; explicitFileType = wrapper.application; includeInIndex = 0; path = TicTacToe.app; sourceTree = BUILT_PRODUCTS_DIR; };
		ED29F2D423368BB50029DA6A /* AppDelegate.swift */ = {isa = PBXFileReference; lastKnownFileType = sourcecode.swift; path = AppDelegate.swift; sourceTree = "<group>"; };
		ED29F2D623368BB50029DA6A /* SceneDelegate.swift */ = {isa = PBXFileReference; lastKnownFileType = sourcecode.swift; path = SceneDelegate.swift; sourceTree = "<group>"; };
		ED29F2D823368BB50029DA6A /* GameView.swift */ = {isa = PBXFileReference; lastKnownFileType = sourcecode.swift; path = GameView.swift; sourceTree = "<group>"; };
		ED29F2DA23368BB60029DA6A /* Assets.xcassets */ = {isa = PBXFileReference; lastKnownFileType = folder.assetcatalog; path = Assets.xcassets; sourceTree = "<group>"; };
		ED29F2DD23368BB60029DA6A /* Preview Assets.xcassets */ = {isa = PBXFileReference; lastKnownFileType = folder.assetcatalog; path = "Preview Assets.xcassets"; sourceTree = "<group>"; };
		ED29F2E023368BB60029DA6A /* Base */ = {isa = PBXFileReference; lastKnownFileType = file.storyboard; name = Base; path = Base.lproj/LaunchScreen.storyboard; sourceTree = "<group>"; };
		ED29F2E223368BB60029DA6A /* Info.plist */ = {isa = PBXFileReference; lastKnownFileType = text.plist.xml; path = Info.plist; sourceTree = "<group>"; };
		ED29F2EB233743980029DA6A /* TicTacToeModel.swift */ = {isa = PBXFileReference; lastKnownFileType = sourcecode.swift; path = TicTacToeModel.swift; sourceTree = "<group>"; };
		ED29F2F12337671F0029DA6A /* TicTacToeTests.xctest */ = {isa = PBXFileReference; explicitFileType = wrapper.cfbundle; includeInIndex = 0; path = TicTacToeTests.xctest; sourceTree = BUILT_PRODUCTS_DIR; };
		ED29F2F32337671F0029DA6A /* TicTacToeModelTests.swift */ = {isa = PBXFileReference; lastKnownFileType = sourcecode.swift; path = TicTacToeModelTests.swift; sourceTree = "<group>"; };
		ED29F2F52337671F0029DA6A /* Info.plist */ = {isa = PBXFileReference; lastKnownFileType = text.plist.xml; path = Info.plist; sourceTree = "<group>"; };
/* End PBXFileReference section */

/* Begin PBXFrameworksBuildPhase section */
		ED29F2CE23368BB50029DA6A /* Frameworks */ = {
			isa = PBXFrameworksBuildPhase;
			buildActionMask = 2147483647;
			files = (
				ED29F2EA23368C840029DA6A /* Ricemill in Frameworks */,
			);
			runOnlyForDeploymentPostprocessing = 0;
		};
		ED29F2EE2337671F0029DA6A /* Frameworks */ = {
			isa = PBXFrameworksBuildPhase;
			buildActionMask = 2147483647;
			files = (
			);
			runOnlyForDeploymentPostprocessing = 0;
		};
/* End PBXFrameworksBuildPhase section */

/* Begin PBXGroup section */
		ED29F2C823368BB50029DA6A = {
			isa = PBXGroup;
			children = (
				ED29F2D323368BB50029DA6A /* TicTacToe */,
				ED29F2F22337671F0029DA6A /* TicTacToeTests */,
				ED29F2D223368BB50029DA6A /* Products */,
			);
			sourceTree = "<group>";
		};
		ED29F2D223368BB50029DA6A /* Products */ = {
			isa = PBXGroup;
			children = (
				ED29F2D123368BB50029DA6A /* TicTacToe.app */,
				ED29F2F12337671F0029DA6A /* TicTacToeTests.xctest */,
			);
			name = Products;
			sourceTree = "<group>";
		};
		ED29F2D323368BB50029DA6A /* TicTacToe */ = {
			isa = PBXGroup;
			children = (
				ED29F2D423368BB50029DA6A /* AppDelegate.swift */,
				ED29F2D623368BB50029DA6A /* SceneDelegate.swift */,
				ED29F2D823368BB50029DA6A /* GameView.swift */,
				ED29F2EB233743980029DA6A /* TicTacToeModel.swift */,
				ED29F2DA23368BB60029DA6A /* Assets.xcassets */,
				ED29F2DF23368BB60029DA6A /* LaunchScreen.storyboard */,
				ED29F2E223368BB60029DA6A /* Info.plist */,
				ED29F2DC23368BB60029DA6A /* Preview Content */,
			);
			path = TicTacToe;
			sourceTree = "<group>";
		};
		ED29F2DC23368BB60029DA6A /* Preview Content */ = {
			isa = PBXGroup;
			children = (
				ED29F2DD23368BB60029DA6A /* Preview Assets.xcassets */,
			);
			path = "Preview Content";
			sourceTree = "<group>";
		};
		ED29F2F22337671F0029DA6A /* TicTacToeTests */ = {
			isa = PBXGroup;
			children = (
				ED29F2F32337671F0029DA6A /* TicTacToeModelTests.swift */,
				ED29F2F52337671F0029DA6A /* Info.plist */,
			);
			path = TicTacToeTests;
			sourceTree = "<group>";
		};
/* End PBXGroup section */

/* Begin PBXNativeTarget section */
		ED29F2D023368BB50029DA6A /* TicTacToe */ = {
			isa = PBXNativeTarget;
			buildConfigurationList = ED29F2E523368BB60029DA6A /* Build configuration list for PBXNativeTarget "TicTacToe" */;
			buildPhases = (
				ED29F2CD23368BB50029DA6A /* Sources */,
				ED29F2CE23368BB50029DA6A /* Frameworks */,
				ED29F2CF23368BB50029DA6A /* Resources */,
			);
			buildRules = (
			);
			dependencies = (
			);
			name = TicTacToe;
			packageProductDependencies = (
				ED29F2E923368C840029DA6A /* Ricemill */,
			);
			productName = TicTacToe;
			productReference = ED29F2D123368BB50029DA6A /* TicTacToe.app */;
			productType = "com.apple.product-type.application";
		};
		ED29F2F02337671F0029DA6A /* TicTacToeTests */ = {
			isa = PBXNativeTarget;
			buildConfigurationList = ED29F2FA2337671F0029DA6A /* Build configuration list for PBXNativeTarget "TicTacToeTests" */;
			buildPhases = (
				ED29F2ED2337671F0029DA6A /* Sources */,
				ED29F2EE2337671F0029DA6A /* Frameworks */,
				ED29F2EF2337671F0029DA6A /* Resources */,
			);
			buildRules = (
			);
			dependencies = (
				ED29F2F72337671F0029DA6A /* PBXTargetDependency */,
			);
			name = TicTacToeTests;
			productName = TicTacToeTests;
			productReference = ED29F2F12337671F0029DA6A /* TicTacToeTests.xctest */;
			productType = "com.apple.product-type.bundle.unit-test";
		};
/* End PBXNativeTarget section */

/* Begin PBXProject section */
		ED29F2C923368BB50029DA6A /* Project object */ = {
			isa = PBXProject;
			attributes = {
				LastSwiftUpdateCheck = 1100;
				LastUpgradeCheck = 1100;
				ORGANIZATIONNAME = "jp.marty-suzuki";
				TargetAttributes = {
					ED29F2D023368BB50029DA6A = {
						CreatedOnToolsVersion = 11.0;
					};
					ED29F2F02337671F0029DA6A = {
						CreatedOnToolsVersion = 11.0;
						TestTargetID = ED29F2D023368BB50029DA6A;
					};
				};
			};
			buildConfigurationList = ED29F2CC23368BB50029DA6A /* Build configuration list for PBXProject "TicTacToe" */;
			compatibilityVersion = "Xcode 9.3";
			developmentRegion = en;
			hasScannedForEncodings = 0;
			knownRegions = (
				en,
				Base,
			);
			mainGroup = ED29F2C823368BB50029DA6A;
			packageReferences = (
				ED29F2E823368C840029DA6A /* XCRemoteSwiftPackageReference "Ricemill" */,
			);
			productRefGroup = ED29F2D223368BB50029DA6A /* Products */;
			projectDirPath = "";
			projectRoot = "";
			targets = (
				ED29F2D023368BB50029DA6A /* TicTacToe */,
				ED29F2F02337671F0029DA6A /* TicTacToeTests */,
			);
		};
/* End PBXProject section */

/* Begin PBXResourcesBuildPhase section */
		ED29F2CF23368BB50029DA6A /* Resources */ = {
			isa = PBXResourcesBuildPhase;
			buildActionMask = 2147483647;
			files = (
				ED29F2E123368BB60029DA6A /* LaunchScreen.storyboard in Resources */,
				ED29F2DE23368BB60029DA6A /* Preview Assets.xcassets in Resources */,
				ED29F2DB23368BB60029DA6A /* Assets.xcassets in Resources */,
			);
			runOnlyForDeploymentPostprocessing = 0;
		};
		ED29F2EF2337671F0029DA6A /* Resources */ = {
			isa = PBXResourcesBuildPhase;
			buildActionMask = 2147483647;
			files = (
			);
			runOnlyForDeploymentPostprocessing = 0;
		};
/* End PBXResourcesBuildPhase section */

/* Begin PBXSourcesBuildPhase section */
		ED29F2CD23368BB50029DA6A /* Sources */ = {
			isa = PBXSourcesBuildPhase;
			buildActionMask = 2147483647;
			files = (
				ED29F2EC233743980029DA6A /* TicTacToeModel.swift in Sources */,
				ED29F2D523368BB50029DA6A /* AppDelegate.swift in Sources */,
				ED29F2D723368BB50029DA6A /* SceneDelegate.swift in Sources */,
				ED29F2D923368BB50029DA6A /* GameView.swift in Sources */,
			);
			runOnlyForDeploymentPostprocessing = 0;
		};
		ED29F2ED2337671F0029DA6A /* Sources */ = {
			isa = PBXSourcesBuildPhase;
			buildActionMask = 2147483647;
			files = (
				ED29F2F42337671F0029DA6A /* TicTacToeModelTests.swift in Sources */,
			);
			runOnlyForDeploymentPostprocessing = 0;
		};
/* End PBXSourcesBuildPhase section */

/* Begin PBXTargetDependency section */
		ED29F2F72337671F0029DA6A /* PBXTargetDependency */ = {
			isa = PBXTargetDependency;
			target = ED29F2D023368BB50029DA6A /* TicTacToe */;
			targetProxy = ED29F2F62337671F0029DA6A /* PBXContainerItemProxy */;
		};
/* End PBXTargetDependency section */

/* Begin PBXVariantGroup section */
		ED29F2DF23368BB60029DA6A /* LaunchScreen.storyboard */ = {
			isa = PBXVariantGroup;
			children = (
				ED29F2E023368BB60029DA6A /* Base */,
			);
			name = LaunchScreen.storyboard;
			sourceTree = "<group>";
		};
/* End PBXVariantGroup section */

/* Begin XCBuildConfiguration section */
		ED29F2E323368BB60029DA6A /* Debug */ = {
			isa = XCBuildConfiguration;
			buildSettings = {
				ALWAYS_SEARCH_USER_PATHS = NO;
				CLANG_ANALYZER_NONNULL = YES;
				CLANG_ANALYZER_NUMBER_OBJECT_CONVERSION = YES_AGGRESSIVE;
				CLANG_CXX_LANGUAGE_STANDARD = "gnu++14";
				CLANG_CXX_LIBRARY = "libc++";
				CLANG_ENABLE_MODULES = YES;
				CLANG_ENABLE_OBJC_ARC = YES;
				CLANG_ENABLE_OBJC_WEAK = YES;
				CLANG_WARN_BLOCK_CAPTURE_AUTORELEASING = YES;
				CLANG_WARN_BOOL_CONVERSION = YES;
				CLANG_WARN_COMMA = YES;
				CLANG_WARN_CONSTANT_CONVERSION = YES;
				CLANG_WARN_DEPRECATED_OBJC_IMPLEMENTATIONS = YES;
				CLANG_WARN_DIRECT_OBJC_ISA_USAGE = YES_ERROR;
				CLANG_WARN_DOCUMENTATION_COMMENTS = YES;
				CLANG_WARN_EMPTY_BODY = YES;
				CLANG_WARN_ENUM_CONVERSION = YES;
				CLANG_WARN_INFINITE_RECURSION = YES;
				CLANG_WARN_INT_CONVERSION = YES;
				CLANG_WARN_NON_LITERAL_NULL_CONVERSION = YES;
				CLANG_WARN_OBJC_IMPLICIT_RETAIN_SELF = YES;
				CLANG_WARN_OBJC_LITERAL_CONVERSION = YES;
				CLANG_WARN_OBJC_ROOT_CLASS = YES_ERROR;
				CLANG_WARN_RANGE_LOOP_ANALYSIS = YES;
				CLANG_WARN_STRICT_PROTOTYPES = YES;
				CLANG_WARN_SUSPICIOUS_MOVE = YES;
				CLANG_WARN_UNGUARDED_AVAILABILITY = YES_AGGRESSIVE;
				CLANG_WARN_UNREACHABLE_CODE = YES;
				CLANG_WARN__DUPLICATE_METHOD_MATCH = YES;
				COPY_PHASE_STRIP = NO;
				DEBUG_INFORMATION_FORMAT = dwarf;
				ENABLE_STRICT_OBJC_MSGSEND = YES;
				ENABLE_TESTABILITY = YES;
				GCC_C_LANGUAGE_STANDARD = gnu11;
				GCC_DYNAMIC_NO_PIC = NO;
				GCC_NO_COMMON_BLOCKS = YES;
				GCC_OPTIMIZATION_LEVEL = 0;
				GCC_PREPROCESSOR_DEFINITIONS = (
					"DEBUG=1",
					"$(inherited)",
				);
				GCC_WARN_64_TO_32_BIT_CONVERSION = YES;
				GCC_WARN_ABOUT_RETURN_TYPE = YES_ERROR;
				GCC_WARN_UNDECLARED_SELECTOR = YES;
				GCC_WARN_UNINITIALIZED_AUTOS = YES_AGGRESSIVE;
				GCC_WARN_UNUSED_FUNCTION = YES;
				GCC_WARN_UNUSED_VARIABLE = YES;
				IPHONEOS_DEPLOYMENT_TARGET = 13.0;
				MTL_ENABLE_DEBUG_INFO = INCLUDE_SOURCE;
				MTL_FAST_MATH = YES;
				ONLY_ACTIVE_ARCH = YES;
				SDKROOT = iphoneos;
				SWIFT_ACTIVE_COMPILATION_CONDITIONS = DEBUG;
				SWIFT_OPTIMIZATION_LEVEL = "-Onone";
			};
			name = Debug;
		};
		ED29F2E423368BB60029DA6A /* Release */ = {
			isa = XCBuildConfiguration;
			buildSettings = {
				ALWAYS_SEARCH_USER_PATHS = NO;
				CLANG_ANALYZER_NONNULL = YES;
				CLANG_ANALYZER_NUMBER_OBJECT_CONVERSION = YES_AGGRESSIVE;
				CLANG_CXX_LANGUAGE_STANDARD = "gnu++14";
				CLANG_CXX_LIBRARY = "libc++";
				CLANG_ENABLE_MODULES = YES;
				CLANG_ENABLE_OBJC_ARC = YES;
				CLANG_ENABLE_OBJC_WEAK = YES;
				CLANG_WARN_BLOCK_CAPTURE_AUTORELEASING = YES;
				CLANG_WARN_BOOL_CONVERSION = YES;
				CLANG_WARN_COMMA = YES;
				CLANG_WARN_CONSTANT_CONVERSION = YES;
				CLANG_WARN_DEPRECATED_OBJC_IMPLEMENTATIONS = YES;
				CLANG_WARN_DIRECT_OBJC_ISA_USAGE = YES_ERROR;
				CLANG_WARN_DOCUMENTATION_COMMENTS = YES;
				CLANG_WARN_EMPTY_BODY = YES;
				CLANG_WARN_ENUM_CONVERSION = YES;
				CLANG_WARN_INFINITE_RECURSION = YES;
				CLANG_WARN_INT_CONVERSION = YES;
				CLANG_WARN_NON_LITERAL_NULL_CONVERSION = YES;
				CLANG_WARN_OBJC_IMPLICIT_RETAIN_SELF = YES;
				CLANG_WARN_OBJC_LITERAL_CONVERSION = YES;
				CLANG_WARN_OBJC_ROOT_CLASS = YES_ERROR;
				CLANG_WARN_RANGE_LOOP_ANALYSIS = YES;
				CLANG_WARN_STRICT_PROTOTYPES = YES;
				CLANG_WARN_SUSPICIOUS_MOVE = YES;
				CLANG_WARN_UNGUARDED_AVAILABILITY = YES_AGGRESSIVE;
				CLANG_WARN_UNREACHABLE_CODE = YES;
				CLANG_WARN__DUPLICATE_METHOD_MATCH = YES;
				COPY_PHASE_STRIP = NO;
				DEBUG_INFORMATION_FORMAT = "dwarf-with-dsym";
				ENABLE_NS_ASSERTIONS = NO;
				ENABLE_STRICT_OBJC_MSGSEND = YES;
				GCC_C_LANGUAGE_STANDARD = gnu11;
				GCC_NO_COMMON_BLOCKS = YES;
				GCC_WARN_64_TO_32_BIT_CONVERSION = YES;
				GCC_WARN_ABOUT_RETURN_TYPE = YES_ERROR;
				GCC_WARN_UNDECLARED_SELECTOR = YES;
				GCC_WARN_UNINITIALIZED_AUTOS = YES_AGGRESSIVE;
				GCC_WARN_UNUSED_FUNCTION = YES;
				GCC_WARN_UNUSED_VARIABLE = YES;
				IPHONEOS_DEPLOYMENT_TARGET = 13.0;
				MTL_ENABLE_DEBUG_INFO = NO;
				MTL_FAST_MATH = YES;
				SDKROOT = iphoneos;
				SWIFT_COMPILATION_MODE = wholemodule;
				SWIFT_OPTIMIZATION_LEVEL = "-O";
				VALIDATE_PRODUCT = YES;
			};
			name = Release;
		};
		ED29F2E623368BB60029DA6A /* Debug */ = {
			isa = XCBuildConfiguration;
			buildSettings = {
				ASSETCATALOG_COMPILER_APPICON_NAME = AppIcon;
				CODE_SIGN_STYLE = Automatic;
				DEVELOPMENT_ASSET_PATHS = "\"TicTacToe/Preview Content\"";
				ENABLE_PREVIEWS = YES;
				INFOPLIST_FILE = TicTacToe/Info.plist;
				LD_RUNPATH_SEARCH_PATHS = (
					"$(inherited)",
					"@executable_path/Frameworks",
				);
				PRODUCT_BUNDLE_IDENTIFIER = "jp.marty-suzuki.TicTacToe";
				PRODUCT_NAME = "$(TARGET_NAME)";
				SWIFT_VERSION = 5.0;
				TARGETED_DEVICE_FAMILY = "1,2";
			};
			name = Debug;
		};
		ED29F2E723368BB60029DA6A /* Release */ = {
			isa = XCBuildConfiguration;
			buildSettings = {
				ASSETCATALOG_COMPILER_APPICON_NAME = AppIcon;
				CODE_SIGN_STYLE = Automatic;
				DEVELOPMENT_ASSET_PATHS = "\"TicTacToe/Preview Content\"";
				ENABLE_PREVIEWS = YES;
				INFOPLIST_FILE = TicTacToe/Info.plist;
				LD_RUNPATH_SEARCH_PATHS = (
					"$(inherited)",
					"@executable_path/Frameworks",
				);
				PRODUCT_BUNDLE_IDENTIFIER = "jp.marty-suzuki.TicTacToe";
				PRODUCT_NAME = "$(TARGET_NAME)";
				SWIFT_VERSION = 5.0;
				TARGETED_DEVICE_FAMILY = "1,2";
			};
			name = Release;
		};
		ED29F2F82337671F0029DA6A /* Debug */ = {
			isa = XCBuildConfiguration;
			buildSettings = {
				BUNDLE_LOADER = "$(TEST_HOST)";
				CODE_SIGN_STYLE = Automatic;
				INFOPLIST_FILE = TicTacToeTests/Info.plist;
				LD_RUNPATH_SEARCH_PATHS = (
					"$(inherited)",
					"@executable_path/Frameworks",
					"@loader_path/Frameworks",
				);
				PRODUCT_BUNDLE_IDENTIFIER = "jp.marty-suzuki.TicTacToeTests";
				PRODUCT_NAME = "$(TARGET_NAME)";
				SWIFT_VERSION = 5.0;
				TARGETED_DEVICE_FAMILY = "1,2";
				TEST_HOST = "$(BUILT_PRODUCTS_DIR)/TicTacToe.app/TicTacToe";
			};
			name = Debug;
		};
		ED29F2F92337671F0029DA6A /* Release */ = {
			isa = XCBuildConfiguration;
			buildSettings = {
				BUNDLE_LOADER = "$(TEST_HOST)";
				CODE_SIGN_STYLE = Automatic;
				INFOPLIST_FILE = TicTacToeTests/Info.plist;
				LD_RUNPATH_SEARCH_PATHS = (
					"$(inherited)",
					"@executable_path/Frameworks",
					"@loader_path/Frameworks",
				);
				PRODUCT_BUNDLE_IDENTIFIER = "jp.marty-suzuki.TicTacToeTests";
				PRODUCT_NAME = "$(TARGET_NAME)";
				SWIFT_VERSION = 5.0;
				TARGETED_DEVICE_FAMILY = "1,2";
				TEST_HOST = "$(BUILT_PRODUCTS_DIR)/TicTacToe.app/TicTacToe";
			};
			name = Release;
		};
/* End XCBuildConfiguration section */

/* Begin XCConfigurationList section */
		ED29F2CC23368BB50029DA6A /* Build configuration list for PBXProject "TicTacToe" */ = {
			isa = XCConfigurationList;
			buildConfigurations = (
				ED29F2E323368BB60029DA6A /* Debug */,
				ED29F2E423368BB60029DA6A /* Release */,
			);
			defaultConfigurationIsVisible = 0;
			defaultConfigurationName = Release;
		};
		ED29F2E523368BB60029DA6A /* Build configuration list for PBXNativeTarget "TicTacToe" */ = {
			isa = XCConfigurationList;
			buildConfigurations = (
				ED29F2E623368BB60029DA6A /* Debug */,
				ED29F2E723368BB60029DA6A /* Release */,
			);
			defaultConfigurationIsVisible = 0;
			defaultConfigurationName = Release;
		};
		ED29F2FA2337671F0029DA6A /* Build configuration list for PBXNativeTarget "TicTacToeTests" */ = {
			isa = XCConfigurationList;
			buildConfigurations = (
				ED29F2F82337671F0029DA6A /* Debug */,
				ED29F2F92337671F0029DA6A /* Release */,
			);
			defaultConfigurationIsVisible = 0;
			defaultConfigurationName = Release;
		};
/* End XCConfigurationList section */

/* Begin XCRemoteSwiftPackageReference section */
		ED29F2E823368C840029DA6A /* XCRemoteSwiftPackageReference "Ricemill" */ = {
			isa = XCRemoteSwiftPackageReference;
			repositoryURL = "https://github.com/marty-suzuki/Ricemill";
			requirement = {
				branch = master;
				kind = branch;
			};
		};
/* End XCRemoteSwiftPackageReference section */

/* Begin XCSwiftPackageProductDependency section */
		ED29F2E923368C840029DA6A /* Ricemill */ = {
			isa = XCSwiftPackageProductDependency;
			package = ED29F2E823368C840029DA6A /* XCRemoteSwiftPackageReference "Ricemill" */;
			productName = Ricemill;
		};
/* End XCSwiftPackageProductDependency section */
	};
	rootObject = ED29F2C923368BB50029DA6A /* Project object */;
}
